
Microsoft Visual Studio Solution File, Format Version 12.00
# Visual Studio Version 16
VisualStudioVersion = 16.0.29709.97
MinimumVisualStudioVersion = 10.0.40219.1
Project("{FAE04EC0-301F-11D3-BF4B-00C04F79EFBC}") = "Arrays Assignement", "Arrays Assignement.csproj", "{3510A7D9-1C31-4F62-AA33-79F4CAA49EF7}"
EndProject
Global
	GlobalSection(SolutionConfigurationPlatforms) = preSolution
		Debug|Any CPU = Debug|Any CPU
		Release|Any CPU = Release|Any CPU
	EndGlobalSection
	GlobalSection(ProjectConfigurationPlatforms) = postSolution
		{3510A7D9-1C31-4F62-AA33-79F4CAA49EF7}.Debug|Any CPU.ActiveCfg = Debug|Any CPU
		{3510A7D9-1C31-4F62-AA33-79F4CAA49EF7}.Debug|Any CPU.Build.0 = Debug|Any CPU
		{3510A7D9-1C31-4F62-AA33-79F4CAA49EF7}.Release|Any CPU.ActiveCfg = Release|Any CPU
		{3510A7D9-1C31-4F62-AA33-79F4CAA49EF7}.Release|Any CPU.Build.0 = Release|Any CPU
	EndGlobalSection
	GlobalSection(SolutionProperties) = preSolution
		HideSolutionNode = FALSE
	EndGlobalSection
	GlobalSection(ExtensibilityGlobals) = postSolution
		SolutionGuid = {50784389-03FA-4A9A-B022-BCE25557EE77}
	EndGlobalSection
EndGlobal
